// !$*UTF8*$!
{
	archiveVersion = 1;
	classes = {
	};
	objectVersion = 50;
	objects = {

/* Begin PBXBuildFile section */
		8E17526D233074D2006E8662 /* AppDelegate.swift in Sources */ = {isa = PBXBuildFile; fileRef = 8E17526C233074D2006E8662 /* AppDelegate.swift */; };
		8E175272233074D2006E8662 /* Main.storyboard in Resources */ = {isa = PBXBuildFile; fileRef = 8E175270233074D2006E8662 /* Main.storyboard */; };
		8E175274233074D3006E8662 /* Assets.xcassets in Resources */ = {isa = PBXBuildFile; fileRef = 8E175273233074D3006E8662 /* Assets.xcassets */; };
		8E175277233074D3006E8662 /* LaunchScreen.storyboard in Resources */ = {isa = PBXBuildFile; fileRef = 8E175275233074D3006E8662 /* LaunchScreen.storyboard */; };
		8E1752802330766C006E8662 /* MainViewController.swift in Sources */ = {isa = PBXBuildFile; fileRef = 8E17527E2330766C006E8662 /* MainViewController.swift */; };
		8E1752812330766C006E8662 /* MainViewController.xib in Resources */ = {isa = PBXBuildFile; fileRef = 8E17527F2330766C006E8662 /* MainViewController.xib */; };
		8E1752BE233F5A38006E8662 /* Contact.swift in Sources */ = {isa = PBXBuildFile; fileRef = 8E1752BD233F5A38006E8662 /* Contact.swift */; };
		8E1752C1233F5ACE006E8662 /* CreateContactViewController.swift in Sources */ = {isa = PBXBuildFile; fileRef = 8E1752BF233F5ACE006E8662 /* CreateContactViewController.swift */; };
		8E1752C2233F5ACE006E8662 /* CreateContactViewController.xib in Resources */ = {isa = PBXBuildFile; fileRef = 8E1752C0233F5ACE006E8662 /* CreateContactViewController.xib */; };
		8E1752F3233F7CAE006E8662 /* CustomViewCell.swift in Sources */ = {isa = PBXBuildFile; fileRef = 8E1752F1233F7CAE006E8662 /* CustomViewCell.swift */; };
		8E1752F4233F7CAE006E8662 /* CustomViewCell.xib in Resources */ = {isa = PBXBuildFile; fileRef = 8E1752F2233F7CAE006E8662 /* CustomViewCell.xib */; };
/* End PBXBuildFile section */

/* Begin PBXFileReference section */
		8E175269233074D2006E8662 /* ContactList.app */ = {isa = PBXFileReference; explicitFileType = wrapper.application; includeInIndex = 0; path = ContactList.app; sourceTree = BUILT_PRODUCTS_DIR; };
		8E17526C233074D2006E8662 /* AppDelegate.swift */ = {isa = PBXFileReference; lastKnownFileType = sourcecode.swift; path = AppDelegate.swift; sourceTree = "<group>"; };
		8E175271233074D2006E8662 /* Base */ = {isa = PBXFileReference; lastKnownFileType = file.storyboard; name = Base; path = Base.lproj/Main.storyboard; sourceTree = "<group>"; };
		8E175273233074D3006E8662 /* Assets.xcassets */ = {isa = PBXFileReference; lastKnownFileType = folder.assetcatalog; path = Assets.xcassets; sourceTree = "<group>"; };
		8E175276233074D3006E8662 /* Base */ = {isa = PBXFileReference; lastKnownFileType = file.storyboard; name = Base; path = Base.lproj/LaunchScreen.storyboard; sourceTree = "<group>"; };
		8E175278233074D3006E8662 /* Info.plist */ = {isa = PBXFileReference; lastKnownFileType = text.plist.xml; path = Info.plist; sourceTree = "<group>"; };
		8E17527E2330766C006E8662 /* MainViewController.swift */ = {isa = PBXFileReference; lastKnownFileType = sourcecode.swift; path = MainViewController.swift; sourceTree = "<group>"; };
		8E17527F2330766C006E8662 /* MainViewController.xib */ = {isa = PBXFileReference; lastKnownFileType = file.xib; path = MainViewController.xib; sourceTree = "<group>"; };
		8E1752BD233F5A38006E8662 /* Contact.swift */ = {isa = PBXFileReference; lastKnownFileType = sourcecode.swift; path = Contact.swift; sourceTree = "<group>"; };
		8E1752BF233F5ACE006E8662 /* CreateContactViewController.swift */ = {isa = PBXFileReference; lastKnownFileType = sourcecode.swift; path = CreateContactViewController.swift; sourceTree = "<group>"; };
		8E1752C0233F5ACE006E8662 /* CreateContactViewController.xib */ = {isa = PBXFileReference; lastKnownFileType = file.xib; path = CreateContactViewController.xib; sourceTree = "<group>"; };
		8E1752F1233F7CAE006E8662 /* CustomViewCell.swift */ = {isa = PBXFileReference; lastKnownFileType = sourcecode.swift; path = CustomViewCell.swift; sourceTree = "<group>"; };
		8E1752F2233F7CAE006E8662 /* CustomViewCell.xib */ = {isa = PBXFileReference; lastKnownFileType = file.xib; path = CustomViewCell.xib; sourceTree = "<group>"; };
/* End PBXFileReference section */

/* Begin PBXFrameworksBuildPhase section */
		8E175266233074D2006E8662 /* Frameworks */ = {
			isa = PBXFrameworksBuildPhase;
			buildActionMask = 2147483647;
			files = (
			);
			runOnlyForDeploymentPostprocessing = 0;
		};
/* End PBXFrameworksBuildPhase section */

/* Begin PBXGroup section */
		8E175260233074D2006E8662 = {
			isa = PBXGroup;
			children = (
				8E17526B233074D2006E8662 /* ContactList */,
				8E17526A233074D2006E8662 /* Products */,
			);
			sourceTree = "<group>";
		};
		8E17526A233074D2006E8662 /* Products */ = {
			isa = PBXGroup;
			children = (
				8E175269233074D2006E8662 /* ContactList.app */,
			);
			name = Products;
			sourceTree = "<group>";
		};
		8E17526B233074D2006E8662 /* ContactList */ = {
			isa = PBXGroup;
			children = (
				8E17526C233074D2006E8662 /* AppDelegate.swift */,
				8E17527E2330766C006E8662 /* MainViewController.swift */,
				8E17527F2330766C006E8662 /* MainViewController.xib */,
				8E1752F1233F7CAE006E8662 /* CustomViewCell.swift */,
				8E1752F2233F7CAE006E8662 /* CustomViewCell.xib */,
				8E1752BD233F5A38006E8662 /* Contact.swift */,
				8E1752BF233F5ACE006E8662 /* CreateContactViewController.swift */,
				8E1752C0233F5ACE006E8662 /* CreateContactViewController.xib */,
				8E175270233074D2006E8662 /* Main.storyboard */,
				8E175273233074D3006E8662 /* Assets.xcassets */,
				8E175275233074D3006E8662 /* LaunchScreen.storyboard */,
				8E175278233074D3006E8662 /* Info.plist */,
			);
			path = ContactList;
			sourceTree = "<group>";
		};
/* End PBXGroup section */

/* Begin PBXNativeTarget section */
		8E175268233074D2006E8662 /* ContactList */ = {
			isa = PBXNativeTarget;
			buildConfigurationList = 8E17527B233074D3006E8662 /* Build configuration list for PBXNativeTarget "ContactList" */;
			buildPhases = (
				8E175265233074D2006E8662 /* Sources */,
				8E175266233074D2006E8662 /* Frameworks */,
				8E175267233074D2006E8662 /* Resources */,
			);
			buildRules = (
			);
			dependencies = (
			);
			name = ContactList;
			productName = ContactList;
			productReference = 8E175269233074D2006E8662 /* ContactList.app */;
			productType = "com.apple.product-type.application";
		};
/* End PBXNativeTarget section */

/* Begin PBXProject section */
		8E175261233074D2006E8662 /* Project object */ = {
			isa = PBXProject;
			attributes = {
				LastSwiftUpdateCheck = 1020;
				LastUpgradeCheck = 1020;
				ORGANIZATIONNAME = "Phạm Mạnh Hà";
				TargetAttributes = {
					8E175268233074D2006E8662 = {
						CreatedOnToolsVersion = 10.2.1;
					};
				};
			};
			buildConfigurationList = 8E175264233074D2006E8662 /* Build configuration list for PBXProject "ContactList" */;
			compatibilityVersion = "Xcode 9.3";
			developmentRegion = en;
			hasScannedForEncodings = 0;
			knownRegions = (
				en,
				Base,
			);
			mainGroup = 8E175260233074D2006E8662;
			productRefGroup = 8E17526A233074D2006E8662 /* Products */;
			projectDirPath = "";
			projectRoot = "";
			targets = (
				8E175268233074D2006E8662 /* ContactList */,
			);
		};
/* End PBXProject section */

/* Begin PBXResourcesBuildPhase section */
		8E175267233074D2006E8662 /* Resources */ = {
			isa = PBXResourcesBuildPhase;
			buildActionMask = 2147483647;
			files = (
				8E175277233074D3006E8662 /* LaunchScreen.storyboard in Resources */,
				8E1752F4233F7CAE006E8662 /* CustomViewCell.xib in Resources */,
				8E175274233074D3006E8662 /* Assets.xcassets in Resources */,
				8E175272233074D2006E8662 /* Main.storyboard in Resources */,
				8E1752812330766C006E8662 /* MainViewController.xib in Resources */,
				8E1752C2233F5ACE006E8662 /* CreateContactViewController.xib in Resources */,
			);
			runOnlyForDeploymentPostprocessing = 0;
		};
/* End PBXResourcesBuildPhase section */

/* Begin PBXSourcesBuildPhase section */
		8E175265233074D2006E8662 /* Sources */ = {
			isa = PBXSourcesBuildPhase;
			buildActionMask = 2147483647;
			files = (
				8E1752BE233F5A38006E8662 /* Contact.swift in Sources */,
				8E1752F3233F7CAE006E8662 /* CustomViewCell.swift in Sources */,
				8E17526D233074D2006E8662 /* AppDelegate.swift in Sources */,
				8E1752C1233F5ACE006E8662 /* CreateContactViewController.swift in Sources */,
				8E1752802330766C006E8662 /* MainViewController.swift in Sources */,
			);
			runOnlyForDeploymentPostprocessing = 0;
		};
/* End PBXSourcesBuildPhase section */

/* Begin PBXVariantGroup section */
		8E175270233074D2006E8662 /* Main.storyboard */ = {
			isa = PBXVariantGroup;
			children = (
				8E175271233074D2006E8662 /* Base */,
			);
			name = Main.storyboard;
			sourceTree = "<group>";
		};
		8E175275233074D3006E8662 /* LaunchScreen.storyboard */ = {
			isa = PBXVariantGroup;
			children = (
				8E175276233074D3006E8662 /* Base */,
			);
			name = LaunchScreen.storyboard;
			sourceTree = "<group>";
		};
/* End PBXVariantGroup section */

/* Begin XCBuildConfiguration section */
		8E175279233074D3006E8662 /* Debug */ = {
			isa = XCBuildConfiguration;
			buildSettings = {
				ALWAYS_SEARCH_USER_PATHS = NO;
				CLANG_ANALYZER_NONNULL = YES;
				CLANG_ANALYZER_NUMBER_OBJECT_CONVERSION = YES_AGGRESSIVE;
				CLANG_CXX_LANGUAGE_STANDARD = "gnu++14";
				CLANG_CXX_LIBRARY = "libc++";
				CLANG_ENABLE_MODULES = YES;
				CLANG_ENABLE_OBJC_ARC = YES;
				CLANG_ENABLE_OBJC_WEAK = YES;
				CLANG_WARN_BLOCK_CAPTURE_AUTORELEASING = YES;
				CLANG_WARN_BOOL_CONVERSION = YES;
				CLANG_WARN_COMMA = YES;
				CLANG_WARN_CONSTANT_CONVERSION = YES;
				CLANG_WARN_DEPRECATED_OBJC_IMPLEMENTATIONS = YES;
				CLANG_WARN_DIRECT_OBJC_ISA_USAGE = YES_ERROR;
				CLANG_WARN_DOCUMENTATION_COMMENTS = YES;
				CLANG_WARN_EMPTY_BODY = YES;
				CLANG_WARN_ENUM_CONVERSION = YES;
				CLANG_WARN_INFINITE_RECURSION = YES;
				CLANG_WARN_INT_CONVERSION = YES;
				CLANG_WARN_NON_LITERAL_NULL_CONVERSION = YES;
				CLANG_WARN_OBJC_IMPLICIT_RETAIN_SELF = YES;
				CLANG_WARN_OBJC_LITERAL_CONVERSION = YES;
				CLANG_WARN_OBJC_ROOT_CLASS = YES_ERROR;
				CLANG_WARN_RANGE_LOOP_ANALYSIS = YES;
				CLANG_WARN_STRICT_PROTOTYPES = YES;
				CLANG_WARN_SUSPICIOUS_MOVE = YES;
				CLANG_WARN_UNGUARDED_AVAILABILITY = YES_AGGRESSIVE;
				CLANG_WARN_UNREACHABLE_CODE = YES;
				CLANG_WARN__DUPLICATE_METHOD_MATCH = YES;
				CODE_SIGN_IDENTITY = "iPhone Developer";
				COPY_PHASE_STRIP = NO;
				DEBUG_INFORMATION_FORMAT = dwarf;
				ENABLE_STRICT_OBJC_MSGSEND = YES;
				ENABLE_TESTABILITY = YES;
				GCC_C_LANGUAGE_STANDARD = gnu11;
				GCC_DYNAMIC_NO_PIC = NO;
				GCC_NO_COMMON_BLOCKS = YES;
				GCC_OPTIMIZATION_LEVEL = 0;
				GCC_PREPROCESSOR_DEFINITIONS = (
					"DEBUG=1",
					"$(inherited)",
				);
				GCC_WARN_64_TO_32_BIT_CONVERSION = YES;
				GCC_WARN_ABOUT_RETURN_TYPE = YES_ERROR;
				GCC_WARN_UNDECLARED_SELECTOR = YES;
				GCC_WARN_UNINITIALIZED_AUTOS = YES_AGGRESSIVE;
				GCC_WARN_UNUSED_FUNCTION = YES;
				GCC_WARN_UNUSED_VARIABLE = YES;
				IPHONEOS_DEPLOYMENT_TARGET = 12.2;
				MTL_ENABLE_DEBUG_INFO = INCLUDE_SOURCE;
				MTL_FAST_MATH = YES;
				ONLY_ACTIVE_ARCH = YES;
				SDKROOT = iphoneos;
				SWIFT_ACTIVE_COMPILATION_CONDITIONS = DEBUG;
				SWIFT_OPTIMIZATION_LEVEL = "-Onone";
			};
			name = Debug;
		};
		8E17527A233074D3006E8662 /* Release */ = {
			isa = XCBuildConfiguration;
			buildSettings = {
				ALWAYS_SEARCH_USER_PATHS = NO;
				CLANG_ANALYZER_NONNULL = YES;
				CLANG_ANALYZER_NUMBER_OBJECT_CONVERSION = YES_AGGRESSIVE;
				CLANG_CXX_LANGUAGE_STANDARD = "gnu++14";
				CLANG_CXX_LIBRARY = "libc++";
				CLANG_ENABLE_MODULES = YES;
				CLANG_ENABLE_OBJC_ARC = YES;
				CLANG_ENABLE_OBJC_WEAK = YES;
				CLANG_WARN_BLOCK_CAPTURE_AUTORELEASING = YES;
				CLANG_WARN_BOOL_CONVERSION = YES;
				CLANG_WARN_COMMA = YES;
				CLANG_WARN_CONSTANT_CONVERSION = YES;
				CLANG_WARN_DEPRECATED_OBJC_IMPLEMENTATIONS = YES;
				CLANG_WARN_DIRECT_OBJC_ISA_USAGE = YES_ERROR;
				CLANG_WARN_DOCUMENTATION_COMMENTS = YES;
				CLANG_WARN_EMPTY_BODY = YES;
				CLANG_WARN_ENUM_CONVERSION = YES;
				CLANG_WARN_INFINITE_RECURSION = YES;
				CLANG_WARN_INT_CONVERSION = YES;
				CLANG_WARN_NON_LITERAL_NULL_CONVERSION = YES;
				CLANG_WARN_OBJC_IMPLICIT_RETAIN_SELF = YES;
				CLANG_WARN_OBJC_LITERAL_CONVERSION = YES;
				CLANG_WARN_OBJC_ROOT_CLASS = YES_ERROR;
				CLANG_WARN_RANGE_LOOP_ANALYSIS = YES;
				CLANG_WARN_STRICT_PROTOTYPES = YES;
				CLANG_WARN_SUSPICIOUS_MOVE = YES;
				CLANG_WARN_UNGUARDED_AVAILABILITY = YES_AGGRESSIVE;
				CLANG_WARN_UNREACHABLE_CODE = YES;
				CLANG_WARN__DUPLICATE_METHOD_MATCH = YES;
				CODE_SIGN_IDENTITY = "iPhone Developer";
				COPY_PHASE_STRIP = NO;
				DEBUG_INFORMATION_FORMAT = "dwarf-with-dsym";
				ENABLE_NS_ASSERTIONS = NO;
				ENABLE_STRICT_OBJC_MSGSEND = YES;
				GCC_C_LANGUAGE_STANDARD = gnu11;
				GCC_NO_COMMON_BLOCKS = YES;
				GCC_WARN_64_TO_32_BIT_CONVERSION = YES;
				GCC_WARN_ABOUT_RETURN_TYPE = YES_ERROR;
				GCC_WARN_UNDECLARED_SELECTOR = YES;
				GCC_WARN_UNINITIALIZED_AUTOS = YES_AGGRESSIVE;
				GCC_WARN_UNUSED_FUNCTION = YES;
				GCC_WARN_UNUSED_VARIABLE = YES;
				IPHONEOS_DEPLOYMENT_TARGET = 12.2;
				MTL_ENABLE_DEBUG_INFO = NO;
				MTL_FAST_MATH = YES;
				SDKROOT = iphoneos;
				SWIFT_COMPILATION_MODE = wholemodule;
				SWIFT_OPTIMIZATION_LEVEL = "-O";
				VALIDATE_PRODUCT = YES;
			};
			name = Release;
		};
		8E17527C233074D3006E8662 /* Debug */ = {
			isa = XCBuildConfiguration;
			buildSettings = {
				ASSETCATALOG_COMPILER_APPICON_NAME = AppIcon;
				CODE_SIGN_STYLE = Automatic;
				INFOPLIST_FILE = ContactList/Info.plist;
				LD_RUNPATH_SEARCH_PATHS = (
					"$(inherited)",
					"@executable_path/Frameworks",
				);
				PRODUCT_BUNDLE_IDENTIFIER = hapham.ContactList;
				PRODUCT_NAME = "$(TARGET_NAME)";
				SWIFT_VERSION = 5.0;
				TARGETED_DEVICE_FAMILY = "1,2";
			};
			name = Debug;
		};
		8E17527D233074D3006E8662 /* Release */ = {
			isa = XCBuildConfiguration;
			buildSettings = {
				ASSETCATALOG_COMPILER_APPICON_NAME = AppIcon;
				CODE_SIGN_STYLE = Automatic;
				INFOPLIST_FILE = ContactList/Info.plist;
				LD_RUNPATH_SEARCH_PATHS = (
					"$(inherited)",
					"@executable_path/Frameworks",
				);
				PRODUCT_BUNDLE_IDENTIFIER = hapham.ContactList;
				PRODUCT_NAME = "$(TARGET_NAME)";
				SWIFT_VERSION = 5.0;
				TARGETED_DEVICE_FAMILY = "1,2";
			};
			name = Release;
		};
/* End XCBuildConfiguration section */

/* Begin XCConfigurationList section */
		8E175264233074D2006E8662 /* Build configuration list for PBXProject "ContactList" */ = {
			isa = XCConfigurationList;
			buildConfigurations = (
				8E175279233074D3006E8662 /* Debug */,
				8E17527A233074D3006E8662 /* Release */,
			);
			defaultConfigurationIsVisible = 0;
			defaultConfigurationName = Release;
		};
		8E17527B233074D3006E8662 /* Build configuration list for PBXNativeTarget "ContactList" */ = {
			isa = XCConfigurationList;
			buildConfigurations = (
				8E17527C233074D3006E8662 /* Debug */,
				8E17527D233074D3006E8662 /* Release */,
			);
			defaultConfigurationIsVisible = 0;
			defaultConfigurationName = Release;
		};
/* End XCConfigurationList section */
	};
	rootObject = 8E175261233074D2006E8662 /* Project object */;
}
